
Microsoft Visual Studio Solution File, Format Version 12.00
# Visual Studio 2012
Project("{FAE04EC0-301F-11D3-BF4B-00C04F79EFBC}") = "DutyDiary", "DutyDiary\DutyDiary.csproj", "{D7D3DD49-1863-49D4-AF8F-0A15A4F865D1}"
EndProject
Global
	GlobalSection(SolutionConfigurationPlatforms) = preSolution
		Debug|iPhoneSimulator = Debug|iPhoneSimulator
		Release|iPhone = Release|iPhone
		Release|iPhoneSimulator = Release|iPhoneSimulator
		Debug|iPhone = Debug|iPhone
	EndGlobalSection
	GlobalSection(ProjectConfigurationPlatforms) = postSolution
		{D7D3DD49-1863-49D4-AF8F-0A15A4F865D1}.Debug|iPhoneSimulator.ActiveCfg = Debug|iPhoneSimulator
		{D7D3DD49-1863-49D4-AF8F-0A15A4F865D1}.Debug|iPhoneSimulator.Build.0 = Debug|iPhoneSimulator
		{D7D3DD49-1863-49D4-AF8F-0A15A4F865D1}.Release|iPhone.ActiveCfg = Release|iPhone
		{D7D3DD49-1863-49D4-AF8F-0A15A4F865D1}.Release|iPhone.Build.0 = Release|iPhone
		{D7D3DD49-1863-49D4-AF8F-0A15A4F865D1}.Release|iPhoneSimulator.ActiveCfg = Release|iPhoneSimulator
		{D7D3DD49-1863-49D4-AF8F-0A15A4F865D1}.Release|iPhoneSimulator.Build.0 = Release|iPhoneSimulator
		{D7D3DD49-1863-49D4-AF8F-0A15A4F865D1}.Debug|iPhone.ActiveCfg = Debug|iPhone
		{D7D3DD49-1863-49D4-AF8F-0A15A4F865D1}.Debug|iPhone.Build.0 = Debug|iPhone
	EndGlobalSection
	GlobalSection(MonoDevelopProperties) = preSolution
		Policies = $0
		$0.DotNetNamingPolicy = $1
		$1.DirectoryNamespaceAssociation = None
		$1.ResourceNamePolicy = FileFormatDefault
		$0.StandardHeader = $2
		$2.Text = 
		$2.IncludeInNewFiles = True
		$0.NameConventionPolicy = $3
		$3.Rules = $4
		$4.NamingRule = $5
		$5.Name = Type Parameters
		$5.AffectedEntity = TypeParameter
		$5.VisibilityMask = VisibilityMask
		$5.NamingStyle = PascalCase
		$5.IncludeInstanceMembers = True
		$5.IncludeStaticEntities = True
		$5.RequiredPrefixes = $6
		$6.String = T
		$5.RequiredSuffixes = $7
		$7.String = Exception
	EndGlobalSection
EndGlobal
